PODS:
  - FlutterMacOS (1.0.0)
  - n_window_focus (0.0.1):
    - FlutterMacOS

DEPENDENCIES:
  - FlutterMacOS (from `Flutter/ephemeral`)
  - n_window_focus (from `Flutter/ephemeral/.symlinks/plugins/n_window_focus/macos`)

EXTERNAL SOURCES:
  FlutterMacOS:
    :path: Flutter/ephemeral
  n_window_focus:
    :path: Flutter/ephemeral/.symlinks/plugins/n_window_focus/macos

SPEC CHECKSUMS:
  FlutterMacOS: 8f6f14fa908a6fb3fba0cd85dbd81ec4b251fb24
  n_window_focus: 7b40b3980613f4897d87ebeab4e4d4384c232ed7

PODFILE CHECKSUM: 236401fc2c932af29a9fcf0e97baeeb2d750d367

COCOAPODS: 1.15.2
